
Microsoft Visual Studio Solution File, Format Version 12.00
# Visual Studio Version 17
VisualStudioVersion = 17.0.31903.59
MinimumVisualStudioVersion = 10.0.40219.1
Project("{2150E333-8FDC-42A3-9474-1A3956D46DE8}") = "src", "src", "{827E0CD3-B72D-47B6-A68D-7590B98EB39B}"
EndProject
Project("{FAE04EC0-301F-11D3-BF4B-00C04F79EFBC}") = "BeginnersLuck.Engine", "src\BeginnersLuck.Engine\BeginnersLuck.Engine.csproj", "{570E89CC-925A-4C89-93C1-B0563CC77457}"
EndProject
Project("{FAE04EC0-301F-11D3-BF4B-00C04F79EFBC}") = "BeginnersLuck.WorldGen", "src\BeginnersLuck.WorldGen\BeginnersLuck.WorldGen.csproj", "{95723B8A-E8F0-4087-8ECE-0B24D3607FC5}"
EndProject
Project("{FAE04EC0-301F-11D3-BF4B-00C04F79EFBC}") = "BeginnersLuck.WorldGen.Cli", "src\BeginnersLuck.WorldGen.Cli\BeginnersLuck.WorldGen.Cli.csproj", "{5B9D09E3-1ACE-4CA0-957D-6C97669728A8}"
EndProject
Project("{2150E333-8FDC-42A3-9474-1A3956D46DE8}") = "tests", "tests", "{0AB3BF05-4346-4AA6-1389-037BE0695223}"
EndProject
Project("{FAE04EC0-301F-11D3-BF4B-00C04F79EFBC}") = "BeginnersLuck.WorldGen.Tests", "tests\BeginnersLuck.WorldGen.Tests\BeginnersLuck.WorldGen.Tests.csproj", "{8D1B2B31-3DF7-4EEF-BF27-AB5F5E43BE7E}"
EndProject
Project("{FAE04EC0-301F-11D3-BF4B-00C04F79EFBC}") = "BeginnersLuck.Game", "src\BeginnersLuck.Game\BeginnersLuck.Game.csproj", "{04C19BAB-3041-4EE0-8D32-D47902765DE1}"
EndProject
Global
	GlobalSection(SolutionConfigurationPlatforms) = preSolution
		Debug|Any CPU = Debug|Any CPU
		Debug|x64 = Debug|x64
		Debug|x86 = Debug|x86
		Release|Any CPU = Release|Any CPU
		Release|x64 = Release|x64
		Release|x86 = Release|x86
	EndGlobalSection
	GlobalSection(ProjectConfigurationPlatforms) = postSolution
		{570E89CC-925A-4C89-93C1-B0563CC77457}.Debug|Any CPU.ActiveCfg = Debug|Any CPU
		{570E89CC-925A-4C89-93C1-B0563CC77457}.Debug|Any CPU.Build.0 = Debug|Any CPU
		{570E89CC-925A-4C89-93C1-B0563CC77457}.Debug|x64.ActiveCfg = Debug|Any CPU
		{570E89CC-925A-4C89-93C1-B0563CC77457}.Debug|x64.Build.0 = Debug|Any CPU
		{570E89CC-925A-4C89-93C1-B0563CC77457}.Debug|x86.ActiveCfg = Debug|Any CPU
		{570E89CC-925A-4C89-93C1-B0563CC77457}.Debug|x86.Build.0 = Debug|Any CPU
		{570E89CC-925A-4C89-93C1-B0563CC77457}.Release|Any CPU.ActiveCfg = Release|Any CPU
		{570E89CC-925A-4C89-93C1-B0563CC77457}.Release|Any CPU.Build.0 = Release|Any CPU
		{570E89CC-925A-4C89-93C1-B0563CC77457}.Release|x64.ActiveCfg = Release|Any CPU
		{570E89CC-925A-4C89-93C1-B0563CC77457}.Release|x64.Build.0 = Release|Any CPU
		{570E89CC-925A-4C89-93C1-B0563CC77457}.Release|x86.ActiveCfg = Release|Any CPU
		{570E89CC-925A-4C89-93C1-B0563CC77457}.Release|x86.Build.0 = Release|Any CPU
		{95723B8A-E8F0-4087-8ECE-0B24D3607FC5}.Debug|Any CPU.ActiveCfg = Debug|Any CPU
		{95723B8A-E8F0-4087-8ECE-0B24D3607FC5}.Debug|Any CPU.Build.0 = Debug|Any CPU
		{95723B8A-E8F0-4087-8ECE-0B24D3607FC5}.Debug|x64.ActiveCfg = Debug|Any CPU
		{95723B8A-E8F0-4087-8ECE-0B24D3607FC5}.Debug|x64.Build.0 = Debug|Any CPU
		{95723B8A-E8F0-4087-8ECE-0B24D3607FC5}.Debug|x86.ActiveCfg = Debug|Any CPU
		{95723B8A-E8F0-4087-8ECE-0B24D3607FC5}.Debug|x86.Build.0 = Debug|Any CPU
		{95723B8A-E8F0-4087-8ECE-0B24D3607FC5}.Release|Any CPU.ActiveCfg = Release|Any CPU
		{95723B8A-E8F0-4087-8ECE-0B24D3607FC5}.Release|Any CPU.Build.0 = Release|Any CPU
		{95723B8A-E8F0-4087-8ECE-0B24D3607FC5}.Release|x64.ActiveCfg = Release|Any CPU
		{95723B8A-E8F0-4087-8ECE-0B24D3607FC5}.Release|x64.Build.0 = Release|Any CPU
		{95723B8A-E8F0-4087-8ECE-0B24D3607FC5}.Release|x86.ActiveCfg = Release|Any CPU
		{95723B8A-E8F0-4087-8ECE-0B24D3607FC5}.Release|x86.Build.0 = Release|Any CPU
		{5B9D09E3-1ACE-4CA0-957D-6C97669728A8}.Debug|Any CPU.ActiveCfg = Debug|Any CPU
		{5B9D09E3-1ACE-4CA0-957D-6C97669728A8}.Debug|Any CPU.Build.0 = Debug|Any CPU
		{5B9D09E3-1ACE-4CA0-957D-6C97669728A8}.Debug|x64.ActiveCfg = Debug|Any CPU
		{5B9D09E3-1ACE-4CA0-957D-6C97669728A8}.Debug|x64.Build.0 = Debug|Any CPU
		{5B9D09E3-1ACE-4CA0-957D-6C97669728A8}.Debug|x86.ActiveCfg = Debug|Any CPU
		{5B9D09E3-1ACE-4CA0-957D-6C97669728A8}.Debug|x86.Build.0 = Debug|Any CPU
		{5B9D09E3-1ACE-4CA0-957D-6C97669728A8}.Release|Any CPU.ActiveCfg = Release|Any CPU
		{5B9D09E3-1ACE-4CA0-957D-6C97669728A8}.Release|Any CPU.Build.0 = Release|Any CPU
		{5B9D09E3-1ACE-4CA0-957D-6C97669728A8}.Release|x64.ActiveCfg = Release|Any CPU
		{5B9D09E3-1ACE-4CA0-957D-6C97669728A8}.Release|x64.Build.0 = Release|Any CPU
		{5B9D09E3-1ACE-4CA0-957D-6C97669728A8}.Release|x86.ActiveCfg = Release|Any CPU
		{5B9D09E3-1ACE-4CA0-957D-6C97669728A8}.Release|x86.Build.0 = Release|Any CPU
		{8D1B2B31-3DF7-4EEF-BF27-AB5F5E43BE7E}.Debug|Any CPU.ActiveCfg = Debug|Any CPU
		{8D1B2B31-3DF7-4EEF-BF27-AB5F5E43BE7E}.Debug|Any CPU.Build.0 = Debug|Any CPU
		{8D1B2B31-3DF7-4EEF-BF27-AB5F5E43BE7E}.Debug|x64.ActiveCfg = Debug|Any CPU
		{8D1B2B31-3DF7-4EEF-BF27-AB5F5E43BE7E}.Debug|x64.Build.0 = Debug|Any CPU
		{8D1B2B31-3DF7-4EEF-BF27-AB5F5E43BE7E}.Debug|x86.ActiveCfg = Debug|Any CPU
		{8D1B2B31-3DF7-4EEF-BF27-AB5F5E43BE7E}.Debug|x86.Build.0 = Debug|Any CPU
		{8D1B2B31-3DF7-4EEF-BF27-AB5F5E43BE7E}.Release|Any CPU.ActiveCfg = Release|Any CPU
		{8D1B2B31-3DF7-4EEF-BF27-AB5F5E43BE7E}.Release|Any CPU.Build.0 = Release|Any CPU
		{8D1B2B31-3DF7-4EEF-BF27-AB5F5E43BE7E}.Release|x64.ActiveCfg = Release|Any CPU
		{8D1B2B31-3DF7-4EEF-BF27-AB5F5E43BE7E}.Release|x64.Build.0 = Release|Any CPU
		{8D1B2B31-3DF7-4EEF-BF27-AB5F5E43BE7E}.Release|x86.ActiveCfg = Release|Any CPU
		{8D1B2B31-3DF7-4EEF-BF27-AB5F5E43BE7E}.Release|x86.Build.0 = Release|Any CPU
		{04C19BAB-3041-4EE0-8D32-D47902765DE1}.Debug|Any CPU.ActiveCfg = Debug|Any CPU
		{04C19BAB-3041-4EE0-8D32-D47902765DE1}.Debug|Any CPU.Build.0 = Debug|Any CPU
		{04C19BAB-3041-4EE0-8D32-D47902765DE1}.Debug|x64.ActiveCfg = Debug|Any CPU
		{04C19BAB-3041-4EE0-8D32-D47902765DE1}.Debug|x64.Build.0 = Debug|Any CPU
		{04C19BAB-3041-4EE0-8D32-D47902765DE1}.Debug|x86.ActiveCfg = Debug|Any CPU
		{04C19BAB-3041-4EE0-8D32-D47902765DE1}.Debug|x86.Build.0 = Debug|Any CPU
		{04C19BAB-3041-4EE0-8D32-D47902765DE1}.Release|Any CPU.ActiveCfg = Release|Any CPU
		{04C19BAB-3041-4EE0-8D32-D47902765DE1}.Release|Any CPU.Build.0 = Release|Any CPU
		{04C19BAB-3041-4EE0-8D32-D47902765DE1}.Release|x64.ActiveCfg = Release|Any CPU
		{04C19BAB-3041-4EE0-8D32-D47902765DE1}.Release|x64.Build.0 = Release|Any CPU
		{04C19BAB-3041-4EE0-8D32-D47902765DE1}.Release|x86.ActiveCfg = Release|Any CPU
		{04C19BAB-3041-4EE0-8D32-D47902765DE1}.Release|x86.Build.0 = Release|Any CPU
	EndGlobalSection
	GlobalSection(SolutionProperties) = preSolution
		HideSolutionNode = FALSE
	EndGlobalSection
	GlobalSection(NestedProjects) = preSolution
		{570E89CC-925A-4C89-93C1-B0563CC77457} = {827E0CD3-B72D-47B6-A68D-7590B98EB39B}
		{95723B8A-E8F0-4087-8ECE-0B24D3607FC5} = {827E0CD3-B72D-47B6-A68D-7590B98EB39B}
		{5B9D09E3-1ACE-4CA0-957D-6C97669728A8} = {827E0CD3-B72D-47B6-A68D-7590B98EB39B}
		{8D1B2B31-3DF7-4EEF-BF27-AB5F5E43BE7E} = {0AB3BF05-4346-4AA6-1389-037BE0695223}
		{04C19BAB-3041-4EE0-8D32-D47902765DE1} = {827E0CD3-B72D-47B6-A68D-7590B98EB39B}
	EndGlobalSection
EndGlobal
