
Microsoft Visual Studio Solution File, Format Version 12.00
# Visual Studio Version 17
VisualStudioVersion = 17.0.31903.59
MinimumVisualStudioVersion = 10.0.40219.1
Project("{2150E333-8FDC-42A3-9474-1A3956D46DE8}") = "src", "src", "{827E0CD3-B72D-47B6-A68D-7590B98EB39B}"
EndProject
Project("{FAE04EC0-301F-11D3-BF4B-00C04F79EFBC}") = "BeginnersLuck.WorldGen", "src\BeginnersLuck.WorldGen\BeginnersLuck.WorldGen.csproj", "{63CE9F50-52AA-42D3-896F-A089EF6ACF98}"
EndProject
Project("{FAE04EC0-301F-11D3-BF4B-00C04F79EFBC}") = "BeginnersLuck.WorldGen.Cli", "src\BeginnersLuck.WorldGen.Cli\BeginnersLuck.WorldGen.Cli.csproj", "{B801B125-2C48-48D3-BDC9-590112F023DD}"
EndProject
Project("{2150E333-8FDC-42A3-9474-1A3956D46DE8}") = "tests", "tests", "{0AB3BF05-4346-4AA6-1389-037BE0695223}"
EndProject
Project("{FAE04EC0-301F-11D3-BF4B-00C04F79EFBC}") = "BeginnersLuck.WorldGen.Tests", "tests\BeginnersLuck.WorldGen.Tests\BeginnersLuck.WorldGen.Tests.csproj", "{4390E807-620A-41CA-82B6-CB49D4FA76DB}"
EndProject
Global
	GlobalSection(SolutionConfigurationPlatforms) = preSolution
		Debug|Any CPU = Debug|Any CPU
		Debug|x64 = Debug|x64
		Debug|x86 = Debug|x86
		Release|Any CPU = Release|Any CPU
		Release|x64 = Release|x64
		Release|x86 = Release|x86
	EndGlobalSection
	GlobalSection(ProjectConfigurationPlatforms) = postSolution
		{63CE9F50-52AA-42D3-896F-A089EF6ACF98}.Debug|Any CPU.ActiveCfg = Debug|Any CPU
		{63CE9F50-52AA-42D3-896F-A089EF6ACF98}.Debug|Any CPU.Build.0 = Debug|Any CPU
		{63CE9F50-52AA-42D3-896F-A089EF6ACF98}.Debug|x64.ActiveCfg = Debug|Any CPU
		{63CE9F50-52AA-42D3-896F-A089EF6ACF98}.Debug|x64.Build.0 = Debug|Any CPU
		{63CE9F50-52AA-42D3-896F-A089EF6ACF98}.Debug|x86.ActiveCfg = Debug|Any CPU
		{63CE9F50-52AA-42D3-896F-A089EF6ACF98}.Debug|x86.Build.0 = Debug|Any CPU
		{63CE9F50-52AA-42D3-896F-A089EF6ACF98}.Release|Any CPU.ActiveCfg = Release|Any CPU
		{63CE9F50-52AA-42D3-896F-A089EF6ACF98}.Release|Any CPU.Build.0 = Release|Any CPU
		{63CE9F50-52AA-42D3-896F-A089EF6ACF98}.Release|x64.ActiveCfg = Release|Any CPU
		{63CE9F50-52AA-42D3-896F-A089EF6ACF98}.Release|x64.Build.0 = Release|Any CPU
		{63CE9F50-52AA-42D3-896F-A089EF6ACF98}.Release|x86.ActiveCfg = Release|Any CPU
		{63CE9F50-52AA-42D3-896F-A089EF6ACF98}.Release|x86.Build.0 = Release|Any CPU
		{B801B125-2C48-48D3-BDC9-590112F023DD}.Debug|Any CPU.ActiveCfg = Debug|Any CPU
		{B801B125-2C48-48D3-BDC9-590112F023DD}.Debug|Any CPU.Build.0 = Debug|Any CPU
		{B801B125-2C48-48D3-BDC9-590112F023DD}.Debug|x64.ActiveCfg = Debug|Any CPU
		{B801B125-2C48-48D3-BDC9-590112F023DD}.Debug|x64.Build.0 = Debug|Any CPU
		{B801B125-2C48-48D3-BDC9-590112F023DD}.Debug|x86.ActiveCfg = Debug|Any CPU
		{B801B125-2C48-48D3-BDC9-590112F023DD}.Debug|x86.Build.0 = Debug|Any CPU
		{B801B125-2C48-48D3-BDC9-590112F023DD}.Release|Any CPU.ActiveCfg = Release|Any CPU
		{B801B125-2C48-48D3-BDC9-590112F023DD}.Release|Any CPU.Build.0 = Release|Any CPU
		{B801B125-2C48-48D3-BDC9-590112F023DD}.Release|x64.ActiveCfg = Release|Any CPU
		{B801B125-2C48-48D3-BDC9-590112F023DD}.Release|x64.Build.0 = Release|Any CPU
		{B801B125-2C48-48D3-BDC9-590112F023DD}.Release|x86.ActiveCfg = Release|Any CPU
		{B801B125-2C48-48D3-BDC9-590112F023DD}.Release|x86.Build.0 = Release|Any CPU
		{4390E807-620A-41CA-82B6-CB49D4FA76DB}.Debug|Any CPU.ActiveCfg = Debug|Any CPU
		{4390E807-620A-41CA-82B6-CB49D4FA76DB}.Debug|Any CPU.Build.0 = Debug|Any CPU
		{4390E807-620A-41CA-82B6-CB49D4FA76DB}.Debug|x64.ActiveCfg = Debug|Any CPU
		{4390E807-620A-41CA-82B6-CB49D4FA76DB}.Debug|x64.Build.0 = Debug|Any CPU
		{4390E807-620A-41CA-82B6-CB49D4FA76DB}.Debug|x86.ActiveCfg = Debug|Any CPU
		{4390E807-620A-41CA-82B6-CB49D4FA76DB}.Debug|x86.Build.0 = Debug|Any CPU
		{4390E807-620A-41CA-82B6-CB49D4FA76DB}.Release|Any CPU.ActiveCfg = Release|Any CPU
		{4390E807-620A-41CA-82B6-CB49D4FA76DB}.Release|Any CPU.Build.0 = Release|Any CPU
		{4390E807-620A-41CA-82B6-CB49D4FA76DB}.Release|x64.ActiveCfg = Release|Any CPU
		{4390E807-620A-41CA-82B6-CB49D4FA76DB}.Release|x64.Build.0 = Release|Any CPU
		{4390E807-620A-41CA-82B6-CB49D4FA76DB}.Release|x86.ActiveCfg = Release|Any CPU
		{4390E807-620A-41CA-82B6-CB49D4FA76DB}.Release|x86.Build.0 = Release|Any CPU
	EndGlobalSection
	GlobalSection(SolutionProperties) = preSolution
		HideSolutionNode = FALSE
	EndGlobalSection
	GlobalSection(NestedProjects) = preSolution
		{63CE9F50-52AA-42D3-896F-A089EF6ACF98} = {827E0CD3-B72D-47B6-A68D-7590B98EB39B}
		{B801B125-2C48-48D3-BDC9-590112F023DD} = {827E0CD3-B72D-47B6-A68D-7590B98EB39B}
		{4390E807-620A-41CA-82B6-CB49D4FA76DB} = {0AB3BF05-4346-4AA6-1389-037BE0695223}
	EndGlobalSection
EndGlobal
