Microsoft Visual Studio Solution File, Format Version 12.00
# Visual Studio Version 17
VisualStudioVersion = 17.5.2.0
MinimumVisualStudioVersion = 10.0.40219.1
Project("{FAE04EC0-301F-11D3-BF4B-00C04F79EFBC}") = "BeginnersLuck.Game", "BeginnersLuck.Game\BeginnersLuck.Game.csproj", "{36653145-BACB-D298-9D1E-C175B727696B}"
EndProject
Project("{FAE04EC0-301F-11D3-BF4B-00C04F79EFBC}") = "BeginnersLuck.Engine", "BeginnersLuck.Engine\BeginnersLuck.Engine.csproj", "{FE5CF323-A3B6-5924-0515-BCBD45C9B105}"
EndProject
Global
	GlobalSection(SolutionConfigurationPlatforms) = preSolution
		Debug|Any CPU = Debug|Any CPU
		Release|Any CPU = Release|Any CPU
	EndGlobalSection
	GlobalSection(ProjectConfigurationPlatforms) = postSolution
		{36653145-BACB-D298-9D1E-C175B727696B}.Debug|Any CPU.ActiveCfg = Debug|Any CPU
		{36653145-BACB-D298-9D1E-C175B727696B}.Debug|Any CPU.Build.0 = Debug|Any CPU
		{36653145-BACB-D298-9D1E-C175B727696B}.Release|Any CPU.ActiveCfg = Release|Any CPU
		{36653145-BACB-D298-9D1E-C175B727696B}.Release|Any CPU.Build.0 = Release|Any CPU
		{FE5CF323-A3B6-5924-0515-BCBD45C9B105}.Debug|Any CPU.ActiveCfg = Debug|Any CPU
		{FE5CF323-A3B6-5924-0515-BCBD45C9B105}.Debug|Any CPU.Build.0 = Debug|Any CPU
		{FE5CF323-A3B6-5924-0515-BCBD45C9B105}.Release|Any CPU.ActiveCfg = Release|Any CPU
		{FE5CF323-A3B6-5924-0515-BCBD45C9B105}.Release|Any CPU.Build.0 = Release|Any CPU
	EndGlobalSection
	GlobalSection(SolutionProperties) = preSolution
		HideSolutionNode = FALSE
	EndGlobalSection
	GlobalSection(ExtensibilityGlobals) = postSolution
		SolutionGuid = {09096199-137C-434D-8057-25306FEB85CD}
	EndGlobalSection
EndGlobal
